
Microsoft Visual Studio Solution File, Format Version 12.00
# Visual Studio Version 16
VisualStudioVersion = 16.0.30114.105
MinimumVisualStudioVersion = 10.0.40219.1
Project("{FAE04EC0-301F-11D3-BF4B-00C04F79EFBC}") = "mPOS.Android", "mPOS\mPOS.Android\mPOS.Android.csproj", "{A448835F-A6B2-49E7-B573-23D691977BA5}"
EndProject
Project("{9A19103F-16F7-4668-BE54-9A1E7A4F7556}") = "mPOS", "mPOS\mPOS\mPOS.csproj", "{8310171D-890A-4EDB-A7E9-EC7C3E4748E2}"
EndProject
Project("{FAE04EC0-301F-11D3-BF4B-00C04F79EFBC}") = "mPOS.WebAPI", "mPOS.WebAPI\mPOS.WebAPI.csproj", "{31B788C2-158F-4C4F-8727-87C55C5D5C7F}"
EndProject
Project("{FAE04EC0-301F-11D3-BF4B-00C04F79EFBC}") = "mPOS.POCO", "mPOS.POCO\mPOS.POCO.csproj", "{F083F31C-E37B-4DD9-B758-0539488589D5}"
EndProject
Project("{9A19103F-16F7-4668-BE54-9A1E7A4F7556}") = "mPOS.TEST", "mPOS.TEST\mPOS.TEST.csproj", "{93A52C63-C085-40E8-A862-3786E7D60BCF}"
EndProject
Project("{FAE04EC0-301F-11D3-BF4B-00C04F79EFBC}") = "mPOSv2", "mPOSv2\mPOSv2.csproj", "{7D6BB491-0CEF-4C9A-A611-943D12079155}"
EndProject
Project("{FAE04EC0-301F-11D3-BF4B-00C04F79EFBC}") = "mPOSv2.Android", "mPOSv2.Android\mPOSv2.Android.csproj", "{94BAC05F-AF0A-4DF7-8C99-39C1E81C8128}"
EndProject
Global
	GlobalSection(SolutionConfigurationPlatforms) = preSolution
		Debug|Any CPU = Debug|Any CPU
		Release|Any CPU = Release|Any CPU
	EndGlobalSection
	GlobalSection(ProjectConfigurationPlatforms) = postSolution
		{A448835F-A6B2-49E7-B573-23D691977BA5}.Debug|Any CPU.ActiveCfg = Debug|Any CPU
		{A448835F-A6B2-49E7-B573-23D691977BA5}.Debug|Any CPU.Build.0 = Debug|Any CPU
		{A448835F-A6B2-49E7-B573-23D691977BA5}.Debug|Any CPU.Deploy.0 = Debug|Any CPU
		{A448835F-A6B2-49E7-B573-23D691977BA5}.Release|Any CPU.ActiveCfg = Release|Any CPU
		{A448835F-A6B2-49E7-B573-23D691977BA5}.Release|Any CPU.Build.0 = Release|Any CPU
		{A448835F-A6B2-49E7-B573-23D691977BA5}.Release|Any CPU.Deploy.0 = Release|Any CPU
		{8310171D-890A-4EDB-A7E9-EC7C3E4748E2}.Debug|Any CPU.ActiveCfg = Debug|Any CPU
		{8310171D-890A-4EDB-A7E9-EC7C3E4748E2}.Debug|Any CPU.Build.0 = Debug|Any CPU
		{8310171D-890A-4EDB-A7E9-EC7C3E4748E2}.Debug|Any CPU.Deploy.0 = Debug|Any CPU
		{8310171D-890A-4EDB-A7E9-EC7C3E4748E2}.Release|Any CPU.ActiveCfg = Release|Any CPU
		{8310171D-890A-4EDB-A7E9-EC7C3E4748E2}.Release|Any CPU.Build.0 = Release|Any CPU
		{8310171D-890A-4EDB-A7E9-EC7C3E4748E2}.Release|Any CPU.Deploy.0 = Release|Any CPU
		{31B788C2-158F-4C4F-8727-87C55C5D5C7F}.Debug|Any CPU.ActiveCfg = Debug|Any CPU
		{31B788C2-158F-4C4F-8727-87C55C5D5C7F}.Debug|Any CPU.Build.0 = Debug|Any CPU
		{31B788C2-158F-4C4F-8727-87C55C5D5C7F}.Release|Any CPU.ActiveCfg = Release|Any CPU
		{31B788C2-158F-4C4F-8727-87C55C5D5C7F}.Release|Any CPU.Build.0 = Release|Any CPU
		{F083F31C-E37B-4DD9-B758-0539488589D5}.Debug|Any CPU.ActiveCfg = Debug|Any CPU
		{F083F31C-E37B-4DD9-B758-0539488589D5}.Debug|Any CPU.Build.0 = Debug|Any CPU
		{F083F31C-E37B-4DD9-B758-0539488589D5}.Release|Any CPU.ActiveCfg = Release|Any CPU
		{F083F31C-E37B-4DD9-B758-0539488589D5}.Release|Any CPU.Build.0 = Release|Any CPU
		{93A52C63-C085-40E8-A862-3786E7D60BCF}.Debug|Any CPU.ActiveCfg = Debug|Any CPU
		{93A52C63-C085-40E8-A862-3786E7D60BCF}.Debug|Any CPU.Build.0 = Debug|Any CPU
		{93A52C63-C085-40E8-A862-3786E7D60BCF}.Release|Any CPU.ActiveCfg = Release|Any CPU
		{93A52C63-C085-40E8-A862-3786E7D60BCF}.Release|Any CPU.Build.0 = Release|Any CPU
		{7D6BB491-0CEF-4C9A-A611-943D12079155}.Debug|Any CPU.ActiveCfg = Debug|Any CPU
		{7D6BB491-0CEF-4C9A-A611-943D12079155}.Debug|Any CPU.Build.0 = Debug|Any CPU
		{7D6BB491-0CEF-4C9A-A611-943D12079155}.Release|Any CPU.ActiveCfg = Release|Any CPU
		{7D6BB491-0CEF-4C9A-A611-943D12079155}.Release|Any CPU.Build.0 = Release|Any CPU
		{94BAC05F-AF0A-4DF7-8C99-39C1E81C8128}.Debug|Any CPU.ActiveCfg = Debug|Any CPU
		{94BAC05F-AF0A-4DF7-8C99-39C1E81C8128}.Debug|Any CPU.Build.0 = Debug|Any CPU
		{94BAC05F-AF0A-4DF7-8C99-39C1E81C8128}.Debug|Any CPU.Deploy.0 = Debug|Any CPU
		{94BAC05F-AF0A-4DF7-8C99-39C1E81C8128}.Release|Any CPU.ActiveCfg = Release|Any CPU
		{94BAC05F-AF0A-4DF7-8C99-39C1E81C8128}.Release|Any CPU.Build.0 = Release|Any CPU
		{94BAC05F-AF0A-4DF7-8C99-39C1E81C8128}.Release|Any CPU.Deploy.0 = Release|Any CPU
	EndGlobalSection
	GlobalSection(SolutionProperties) = preSolution
		HideSolutionNode = FALSE
	EndGlobalSection
	GlobalSection(ExtensibilityGlobals) = postSolution
		SolutionGuid = {6A3C640E-7265-43EB-8909-DD3A4003E3AA}
	EndGlobalSection
EndGlobal
